Microsoft Visual Studio Solution File, Format Version 12.00
# Visual Studio 2012
Project("{FAE04EC0-301F-11D3-BF4B-00C04F79EFBC}") = "Ball Game", "Ball Game.csproj", "{7D106D53-FF88-40A1-BAA2-13018F7146BA}"
EndProject
Global
	GlobalSection(SolutionConfigurationPlatforms) = preSolution
	Debug|Any CPU = Debug|Any CPU
	ExportDebug|Any CPU = ExportDebug|Any CPU
	ExportRelease|Any CPU = ExportRelease|Any CPU
	EndGlobalSection
	GlobalSection(ProjectConfigurationPlatforms) = postSolution
		{7D106D53-FF88-40A1-BAA2-13018F7146BA}.Debug|Any CPU.ActiveCfg = Debug|Any CPU
		{7D106D53-FF88-40A1-BAA2-13018F7146BA}.Debug|Any CPU.Build.0 = Debug|Any CPU
		{7D106D53-FF88-40A1-BAA2-13018F7146BA}.ExportDebug|Any CPU.ActiveCfg = ExportDebug|Any CPU
		{7D106D53-FF88-40A1-BAA2-13018F7146BA}.ExportDebug|Any CPU.Build.0 = ExportDebug|Any CPU
		{7D106D53-FF88-40A1-BAA2-13018F7146BA}.ExportRelease|Any CPU.ActiveCfg = ExportRelease|Any CPU
		{7D106D53-FF88-40A1-BAA2-13018F7146BA}.ExportRelease|Any CPU.Build.0 = ExportRelease|Any CPU
	EndGlobalSection
EndGlobal
